
Microsoft Visual Studio Solution File, Format Version 12.00
# Visual Studio Version 16
VisualStudioVersion = 16.0.29519.87
MinimumVisualStudioVersion = 10.0.40219.1
Project("{FAE04EC0-301F-11D3-BF4B-00C04F79EFBC}") = "Homework0114", "Homework0114\Homework0114.csproj", "{748E2125-B1A4-4117-A8DE-E9E7A5C25FA0}"
EndProject
Global
	GlobalSection(SolutionConfigurationPlatforms) = preSolution
		Debug|Any CPU = Debug|Any CPU
		Release|Any CPU = Release|Any CPU
	EndGlobalSection
	GlobalSection(ProjectConfigurationPlatforms) = postSolution
		{748E2125-B1A4-4117-A8DE-E9E7A5C25FA0}.Debug|Any CPU.ActiveCfg = Debug|Any CPU
		{748E2125-B1A4-4117-A8DE-E9E7A5C25FA0}.Debug|Any CPU.Build.0 = Debug|Any CPU
		{748E2125-B1A4-4117-A8DE-E9E7A5C25FA0}.Release|Any CPU.ActiveCfg = Release|Any CPU
		{748E2125-B1A4-4117-A8DE-E9E7A5C25FA0}.Release|Any CPU.Build.0 = Release|Any CPU
	EndGlobalSection
	GlobalSection(SolutionProperties) = preSolution
		HideSolutionNode = FALSE
	EndGlobalSection
	GlobalSection(ExtensibilityGlobals) = postSolution
		SolutionGuid = {EC8A71FA-C2B1-4DC8-A69F-254F9FAD0DDA}
	EndGlobalSection
EndGlobal
